
Microsoft Visual Studio Solution File, Format Version 12.00
# Visual Studio 15
Project("{FAE04EC0-301F-11D3-BF4B-00C04F79EFBC}") = "Space-SHUMP-master(1)", "Assembly-CSharp.csproj", "{FC197010-906E-E920-2D28-8C0BA5622FD8}"
EndProject
Project("{FAE04EC0-301F-11D3-BF4B-00C04F79EFBC}") = "Space-SHUMP-master(1)", "Assembly-CSharp-firstpass.csproj", "{46435F3A-8E68-63F5-D49B-3717929FE9CD}"
EndProject
Project("{FAE04EC0-301F-11D3-BF4B-00C04F79EFBC}") = "Space-SHUMP-master(1)", "Assembly-CSharp-Editor-firstpass.csproj", "{2D9BD8A6-CB9A-F7A0-BDDA-11681FC15CAE}"
EndProject
Global
	GlobalSection(SolutionConfigurationPlatforms) = preSolution
		Debug|Any CPU = Debug|Any CPU
		Release|Any CPU = Release|Any CPU
	EndGlobalSection
	GlobalSection(ProjectConfigurationPlatforms) = postSolution
		{FC197010-906E-E920-2D28-8C0BA5622FD8}.Debug|Any CPU.ActiveCfg = Debug|Any CPU
		{FC197010-906E-E920-2D28-8C0BA5622FD8}.Debug|Any CPU.Build.0 = Debug|Any CPU
		{FC197010-906E-E920-2D28-8C0BA5622FD8}.Release|Any CPU.ActiveCfg = Release|Any CPU
		{FC197010-906E-E920-2D28-8C0BA5622FD8}.Release|Any CPU.Build.0 = Release|Any CPU
		{46435F3A-8E68-63F5-D49B-3717929FE9CD}.Debug|Any CPU.ActiveCfg = Debug|Any CPU
		{46435F3A-8E68-63F5-D49B-3717929FE9CD}.Debug|Any CPU.Build.0 = Debug|Any CPU
		{46435F3A-8E68-63F5-D49B-3717929FE9CD}.Release|Any CPU.ActiveCfg = Release|Any CPU
		{46435F3A-8E68-63F5-D49B-3717929FE9CD}.Release|Any CPU.Build.0 = Release|Any CPU
		{2D9BD8A6-CB9A-F7A0-BDDA-11681FC15CAE}.Debug|Any CPU.ActiveCfg = Debug|Any CPU
		{2D9BD8A6-CB9A-F7A0-BDDA-11681FC15CAE}.Debug|Any CPU.Build.0 = Debug|Any CPU
		{2D9BD8A6-CB9A-F7A0-BDDA-11681FC15CAE}.Release|Any CPU.ActiveCfg = Release|Any CPU
		{2D9BD8A6-CB9A-F7A0-BDDA-11681FC15CAE}.Release|Any CPU.Build.0 = Release|Any CPU
	EndGlobalSection
	GlobalSection(SolutionProperties) = preSolution
		HideSolutionNode = FALSE
	EndGlobalSection
EndGlobal
